// !$*UTF8*$!
{
	archiveVersion = 1;
	classes = {
	};
	objectVersion = 56;
	objects = {

/* Begin PBXBuildFile section */
		7421E3CE2BD9B1D300D6522F /* FoodListViewController.swift in Sources */ = {isa = PBXBuildFile; fileRef = 7421E3CD2BD9B1D300D6522F /* FoodListViewController.swift */; };
		745111922BE1538A00016088 /* DishCategory.swift in Sources */ = {isa = PBXBuildFile; fileRef = 745111912BE1538A00016088 /* DishCategory.swift */; };
		748D8ECB2BDA923C000D34FB /* OrdersSnacksTableViewCell.swift in Sources */ = {isa = PBXBuildFile; fileRef = 748D8ECA2BDA923C000D34FB /* OrdersSnacksTableViewCell.swift */; };
		749D63D42BB8DAA6000814BB /* CategoryTableViewCell.swift in Sources */ = {isa = PBXBuildFile; fileRef = 749D63D32BB8DAA6000814BB /* CategoryTableViewCell.swift */; };
		749D63D62BBB4BFB000814BB /* TitleLabel.swift in Sources */ = {isa = PBXBuildFile; fileRef = 749D63D52BBB4BFA000814BB /* TitleLabel.swift */; };
		749D63D82BBB5E1F000814BB /* CustomCardView.swift in Sources */ = {isa = PBXBuildFile; fileRef = 749D63D72BBB5E1F000814BB /* CustomCardView.swift */; };
		749D63DB2BC09577000814BB /* ChefsSpecialsTableViewCell.swift in Sources */ = {isa = PBXBuildFile; fileRef = 749D63DA2BC09577000814BB /* ChefsSpecialsTableViewCell.swift */; };
		749D63DE2BC17B5E000814BB /* PopularDishesTableViewCell.swift in Sources */ = {isa = PBXBuildFile; fileRef = 749D63DD2BC17B5E000814BB /* PopularDishesTableViewCell.swift */; };
		749D63E32BCDD56F000814BB /* PlaceOrderViewController.swift in Sources */ = {isa = PBXBuildFile; fileRef = 749D63E22BCDD56F000814BB /* PlaceOrderViewController.swift */; };
		749D63E62BCDD7F6000814BB /* ImageTableViewCell.swift in Sources */ = {isa = PBXBuildFile; fileRef = 749D63E52BCDD7F6000814BB /* ImageTableViewCell.swift */; };
		749D63E82BCEF108000814BB /* TitleCaloriesTableViewCell.swift in Sources */ = {isa = PBXBuildFile; fileRef = 749D63E72BCEF108000814BB /* TitleCaloriesTableViewCell.swift */; };
		749D63EA2BCEF427000814BB /* DescriptionTableViewCell.swift in Sources */ = {isa = PBXBuildFile; fileRef = 749D63E92BCEF427000814BB /* DescriptionTableViewCell.swift */; };
		749D63EC2BCF1134000814BB /* TextFieldTableViewCell.swift in Sources */ = {isa = PBXBuildFile; fileRef = 749D63EB2BCF1134000814BB /* TextFieldTableViewCell.swift */; };
		749D63EE2BCF12C3000814BB /* ButtonTableViewCell.swift in Sources */ = {isa = PBXBuildFile; fileRef = 749D63ED2BCF12C3000814BB /* ButtonTableViewCell.swift */; };
		74CF4B132BB86F140041A6B0 /* ExampleOfExample.swift in Sources */ = {isa = PBXBuildFile; fileRef = 74CF4B122BB86F140041A6B0 /* ExampleOfExample.swift */; };
		EC032A742B3AF0A4005CFB5F /* AppDelegate.swift in Sources */ = {isa = PBXBuildFile; fileRef = EC032A732B3AF0A4005CFB5F /* AppDelegate.swift */; };
		EC032A762B3AF0A4005CFB5F /* SceneDelegate.swift in Sources */ = {isa = PBXBuildFile; fileRef = EC032A752B3AF0A4005CFB5F /* SceneDelegate.swift */; };
		EC032A782B3AF0A4005CFB5F /* ViewController.swift in Sources */ = {isa = PBXBuildFile; fileRef = EC032A772B3AF0A4005CFB5F /* ViewController.swift */; };
		EC032A7B2B3AF0A4005CFB5F /* Main.storyboard in Resources */ = {isa = PBXBuildFile; fileRef = EC032A792B3AF0A4005CFB5F /* Main.storyboard */; };
		EC032A7D2B3AF0A7005CFB5F /* Assets.xcassets in Resources */ = {isa = PBXBuildFile; fileRef = EC032A7C2B3AF0A7005CFB5F /* Assets.xcassets */; };
		EC032A802B3AF0A7005CFB5F /* LaunchScreen.storyboard in Resources */ = {isa = PBXBuildFile; fileRef = EC032A7E2B3AF0A7005CFB5F /* LaunchScreen.storyboard */; };
		EC2DD9922B4C3065005D72DA /* OnboardingCollectionViewCell.swift in Sources */ = {isa = PBXBuildFile; fileRef = EC2DD9912B4C3065005D72DA /* OnboardingCollectionViewCell.swift */; };
		EC2DD9942B4D602C005D72DA /* OnboardingDataModel.swift in Sources */ = {isa = PBXBuildFile; fileRef = EC2DD9932B4D602C005D72DA /* OnboardingDataModel.swift */; };
		EC68F6662BA095F900BD5297 /* ChefsSpecialsCollectionViewCell.swift in Sources */ = {isa = PBXBuildFile; fileRef = EC68F6642BA095F900BD5297 /* ChefsSpecialsCollectionViewCell.swift */; };
		EC68F6672BA095F900BD5297 /* ChefsSpecialsCollectionViewCell.xib in Resources */ = {isa = PBXBuildFile; fileRef = EC68F6652BA095F900BD5297 /* ChefsSpecialsCollectionViewCell.xib */; };
		EC68F66B2BA0FC8100BD5297 /* PopularDishDetailViewController.swift in Sources */ = {isa = PBXBuildFile; fileRef = EC68F66A2BA0FC8100BD5297 /* PopularDishDetailViewController.swift */; };
		ECED05BB2B8CB0CB006C8491 /* HomeViewController.swift in Sources */ = {isa = PBXBuildFile; fileRef = ECED05BA2B8CB0CB006C8491 /* HomeViewController.swift */; };
		ECED05C12B91C6F5006C8491 /* CategoryCollectionViewCell.swift in Sources */ = {isa = PBXBuildFile; fileRef = ECED05BF2B91C6F5006C8491 /* CategoryCollectionViewCell.swift */; };
		ECED05C22B91C6F5006C8491 /* CategoryCollectionViewCell.xib in Resources */ = {isa = PBXBuildFile; fileRef = ECED05C02B91C6F5006C8491 /* CategoryCollectionViewCell.xib */; };
		ECED05C62B94F833006C8491 /* PopularDishesCollectionViewCell.swift in Sources */ = {isa = PBXBuildFile; fileRef = ECED05C42B94F833006C8491 /* PopularDishesCollectionViewCell.swift */; };
		ECED05C72B94F833006C8491 /* PopularDishesCollectionViewCell.xib in Resources */ = {isa = PBXBuildFile; fileRef = ECED05C52B94F833006C8491 /* PopularDishesCollectionViewCell.xib */; };
		ECF42D612B7B703100A3CF63 /* Localizable.strings in Resources */ = {isa = PBXBuildFile; fileRef = ECF42D602B7B703100A3CF63 /* Localizable.strings */; };
/* End PBXBuildFile section */

/* Begin PBXFileReference section */
		7421E3CD2BD9B1D300D6522F /* FoodListViewController.swift */ = {isa = PBXFileReference; lastKnownFileType = sourcecode.swift; path = FoodListViewController.swift; sourceTree = "<group>"; };
		745111912BE1538A00016088 /* DishCategory.swift */ = {isa = PBXFileReference; lastKnownFileType = sourcecode.swift; path = DishCategory.swift; sourceTree = "<group>"; };
		748D8ECA2BDA923C000D34FB /* OrdersSnacksTableViewCell.swift */ = {isa = PBXFileReference; lastKnownFileType = sourcecode.swift; path = OrdersSnacksTableViewCell.swift; sourceTree = "<group>"; };
		749D63D32BB8DAA6000814BB /* CategoryTableViewCell.swift */ = {isa = PBXFileReference; lastKnownFileType = sourcecode.swift; path = CategoryTableViewCell.swift; sourceTree = "<group>"; };
		749D63D52BBB4BFA000814BB /* TitleLabel.swift */ = {isa = PBXFileReference; lastKnownFileType = sourcecode.swift; path = TitleLabel.swift; sourceTree = "<group>"; };
		749D63D72BBB5E1F000814BB /* CustomCardView.swift */ = {isa = PBXFileReference; lastKnownFileType = sourcecode.swift; path = CustomCardView.swift; sourceTree = "<group>"; };
		749D63DA2BC09577000814BB /* ChefsSpecialsTableViewCell.swift */ = {isa = PBXFileReference; lastKnownFileType = sourcecode.swift; path = ChefsSpecialsTableViewCell.swift; sourceTree = "<group>"; };
		749D63DD2BC17B5E000814BB /* PopularDishesTableViewCell.swift */ = {isa = PBXFileReference; lastKnownFileType = sourcecode.swift; path = PopularDishesTableViewCell.swift; sourceTree = "<group>"; };
		749D63E22BCDD56F000814BB /* PlaceOrderViewController.swift */ = {isa = PBXFileReference; lastKnownFileType = sourcecode.swift; path = PlaceOrderViewController.swift; sourceTree = "<group>"; };
		749D63E52BCDD7F6000814BB /* ImageTableViewCell.swift */ = {isa = PBXFileReference; lastKnownFileType = sourcecode.swift; path = ImageTableViewCell.swift; sourceTree = "<group>"; };
		749D63E72BCEF108000814BB /* TitleCaloriesTableViewCell.swift */ = {isa = PBXFileReference; lastKnownFileType = sourcecode.swift; path = TitleCaloriesTableViewCell.swift; sourceTree = "<group>"; };
		749D63E92BCEF427000814BB /* DescriptionTableViewCell.swift */ = {isa = PBXFileReference; lastKnownFileType = sourcecode.swift; path = DescriptionTableViewCell.swift; sourceTree = "<group>"; };
		749D63EB2BCF1134000814BB /* TextFieldTableViewCell.swift */ = {isa = PBXFileReference; lastKnownFileType = sourcecode.swift; path = TextFieldTableViewCell.swift; sourceTree = "<group>"; };
		749D63ED2BCF12C3000814BB /* ButtonTableViewCell.swift */ = {isa = PBXFileReference; lastKnownFileType = sourcecode.swift; path = ButtonTableViewCell.swift; sourceTree = "<group>"; };
		74CF4B122BB86F140041A6B0 /* ExampleOfExample.swift */ = {isa = PBXFileReference; lastKnownFileType = sourcecode.swift; path = ExampleOfExample.swift; sourceTree = "<group>"; };
		EC032A702B3AF0A3005CFB5F /* Yummie.app */ = {isa = PBXFileReference; explicitFileType = wrapper.application; includeInIndex = 0; path = Yummie.app; sourceTree = BUILT_PRODUCTS_DIR; };
		EC032A732B3AF0A4005CFB5F /* AppDelegate.swift */ = {isa = PBXFileReference; lastKnownFileType = sourcecode.swift; path = AppDelegate.swift; sourceTree = "<group>"; };
		EC032A752B3AF0A4005CFB5F /* SceneDelegate.swift */ = {isa = PBXFileReference; lastKnownFileType = sourcecode.swift; path = SceneDelegate.swift; sourceTree = "<group>"; };
		EC032A772B3AF0A4005CFB5F /* ViewController.swift */ = {isa = PBXFileReference; lastKnownFileType = sourcecode.swift; path = ViewController.swift; sourceTree = "<group>"; };
		EC032A7A2B3AF0A4005CFB5F /* Base */ = {isa = PBXFileReference; lastKnownFileType = file.storyboard; name = Base; path = Base.lproj/Main.storyboard; sourceTree = "<group>"; };
		EC032A7C2B3AF0A7005CFB5F /* Assets.xcassets */ = {isa = PBXFileReference; lastKnownFileType = folder.assetcatalog; path = Assets.xcassets; sourceTree = "<group>"; };
		EC032A7F2B3AF0A7005CFB5F /* Base */ = {isa = PBXFileReference; lastKnownFileType = file.storyboard; name = Base; path = Base.lproj/LaunchScreen.storyboard; sourceTree = "<group>"; };
		EC032A812B3AF0A7005CFB5F /* Info.plist */ = {isa = PBXFileReference; lastKnownFileType = text.plist.xml; path = Info.plist; sourceTree = "<group>"; };
		EC2DD9912B4C3065005D72DA /* OnboardingCollectionViewCell.swift */ = {isa = PBXFileReference; lastKnownFileType = sourcecode.swift; path = OnboardingCollectionViewCell.swift; sourceTree = "<group>"; };
		EC2DD9932B4D602C005D72DA /* OnboardingDataModel.swift */ = {isa = PBXFileReference; lastKnownFileType = sourcecode.swift; path = OnboardingDataModel.swift; sourceTree = "<group>"; };
		EC68F6642BA095F900BD5297 /* ChefsSpecialsCollectionViewCell.swift */ = {isa = PBXFileReference; lastKnownFileType = sourcecode.swift; path = ChefsSpecialsCollectionViewCell.swift; sourceTree = "<group>"; };
		EC68F6652BA095F900BD5297 /* ChefsSpecialsCollectionViewCell.xib */ = {isa = PBXFileReference; lastKnownFileType = file.xib; path = ChefsSpecialsCollectionViewCell.xib; sourceTree = "<group>"; };
		EC68F66A2BA0FC8100BD5297 /* PopularDishDetailViewController.swift */ = {isa = PBXFileReference; lastKnownFileType = sourcecode.swift; path = PopularDishDetailViewController.swift; sourceTree = "<group>"; };
		ECED05BA2B8CB0CB006C8491 /* HomeViewController.swift */ = {isa = PBXFileReference; lastKnownFileType = sourcecode.swift; path = HomeViewController.swift; sourceTree = "<group>"; };
		ECED05BF2B91C6F5006C8491 /* CategoryCollectionViewCell.swift */ = {isa = PBXFileReference; lastKnownFileType = sourcecode.swift; path = CategoryCollectionViewCell.swift; sourceTree = "<group>"; };
		ECED05C02B91C6F5006C8491 /* CategoryCollectionViewCell.xib */ = {isa = PBXFileReference; lastKnownFileType = file.xib; path = CategoryCollectionViewCell.xib; sourceTree = "<group>"; };
		ECED05C42B94F833006C8491 /* PopularDishesCollectionViewCell.swift */ = {isa = PBXFileReference; lastKnownFileType = sourcecode.swift; path = PopularDishesCollectionViewCell.swift; sourceTree = "<group>"; };
		ECED05C52B94F833006C8491 /* PopularDishesCollectionViewCell.xib */ = {isa = PBXFileReference; lastKnownFileType = file.xib; path = PopularDishesCollectionViewCell.xib; sourceTree = "<group>"; };
		ECF42D602B7B703100A3CF63 /* Localizable.strings */ = {isa = PBXFileReference; lastKnownFileType = text.plist.strings; path = Localizable.strings; sourceTree = "<group>"; };
/* End PBXFileReference section */

/* Begin PBXFrameworksBuildPhase section */
		EC032A6D2B3AF0A3005CFB5F /* Frameworks */ = {
			isa = PBXFrameworksBuildPhase;
			buildActionMask = 2147483647;
			files = (
			);
			runOnlyForDeploymentPostprocessing = 0;
		};
/* End PBXFrameworksBuildPhase section */

/* Begin PBXGroup section */
		748D8EC92BDA9218000D34FB /* OrdersSnacksTableViewCell */ = {
			isa = PBXGroup;
			children = (
				748D8ECA2BDA923C000D34FB /* OrdersSnacksTableViewCell.swift */,
			);
			path = OrdersSnacksTableViewCell;
			sourceTree = "<group>";
		};
		749D63CE2BB8DA36000814BB /* TableViewCell */ = {
			isa = PBXGroup;
			children = (
				748D8EC92BDA9218000D34FB /* OrdersSnacksTableViewCell */,
				749D63E42BCDD7D3000814BB /* PlaceOrderTableViewCell */,
				749D63DC2BC17B2F000814BB /* PopularDishesTableViewCell */,
				749D63D92BC09524000814BB /* ChefsSpecialsTableViewCell */,
				749D63D22BB8DA8C000814BB /* CategoryTableViewCell */,
			);
			path = TableViewCell;
			sourceTree = "<group>";
		};
		749D63D22BB8DA8C000814BB /* CategoryTableViewCell */ = {
			isa = PBXGroup;
			children = (
				749D63D32BB8DAA6000814BB /* CategoryTableViewCell.swift */,
			);
			path = CategoryTableViewCell;
			sourceTree = "<group>";
		};
		749D63D92BC09524000814BB /* ChefsSpecialsTableViewCell */ = {
			isa = PBXGroup;
			children = (
				749D63DA2BC09577000814BB /* ChefsSpecialsTableViewCell.swift */,
			);
			path = ChefsSpecialsTableViewCell;
			sourceTree = "<group>";
		};
		749D63DC2BC17B2F000814BB /* PopularDishesTableViewCell */ = {
			isa = PBXGroup;
			children = (
				749D63DD2BC17B5E000814BB /* PopularDishesTableViewCell.swift */,
			);
			path = PopularDishesTableViewCell;
			sourceTree = "<group>";
		};
		749D63E42BCDD7D3000814BB /* PlaceOrderTableViewCell */ = {
			isa = PBXGroup;
			children = (
				749D63E52BCDD7F6000814BB /* ImageTableViewCell.swift */,
				749D63E72BCEF108000814BB /* TitleCaloriesTableViewCell.swift */,
				749D63E92BCEF427000814BB /* DescriptionTableViewCell.swift */,
				749D63EB2BCF1134000814BB /* TextFieldTableViewCell.swift */,
				749D63ED2BCF12C3000814BB /* ButtonTableViewCell.swift */,
			);
			path = PlaceOrderTableViewCell;
			sourceTree = "<group>";
		};
		EC032A672B3AF0A3005CFB5F = {
			isa = PBXGroup;
			children = (
				EC032A722B3AF0A3005CFB5F /* Yummie */,
				EC032A712B3AF0A3005CFB5F /* Products */,
			);
			sourceTree = "<group>";
		};
		EC032A712B3AF0A3005CFB5F /* Products */ = {
			isa = PBXGroup;
			children = (
				EC032A702B3AF0A3005CFB5F /* Yummie.app */,
			);
			name = Products;
			sourceTree = "<group>";
		};
		EC032A722B3AF0A3005CFB5F /* Yummie */ = {
			isa = PBXGroup;
			children = (
				ECED05BC2B8CB954006C8491 /* Home */,
				ECF42D5F2B7B701F00A3CF63 /* Localizable */,
				EC40A2EB2B645FD100B38411 /* Extensions */,
				EC032A8A2B434509005CFB5F /* CustomViews */,
				EC032A882B4344EE005CFB5F /* Views */,
				EC032A872B4344D4005CFB5F /* Models */,
				EC032A732B3AF0A4005CFB5F /* AppDelegate.swift */,
				EC032A752B3AF0A4005CFB5F /* SceneDelegate.swift */,
				EC032A772B3AF0A4005CFB5F /* ViewController.swift */,
				EC032A792B3AF0A4005CFB5F /* Main.storyboard */,
				EC032A7C2B3AF0A7005CFB5F /* Assets.xcassets */,
				EC032A7E2B3AF0A7005CFB5F /* LaunchScreen.storyboard */,
				EC032A812B3AF0A7005CFB5F /* Info.plist */,
				749D63E22BCDD56F000814BB /* PlaceOrderViewController.swift */,
				7421E3CD2BD9B1D300D6522F /* FoodListViewController.swift */,
			);
			path = Yummie;
			sourceTree = "<group>";
		};
		EC032A872B4344D4005CFB5F /* Models */ = {
			isa = PBXGroup;
			children = (
				EC2DD9932B4D602C005D72DA /* OnboardingDataModel.swift */,
				745111912BE1538A00016088 /* DishCategory.swift */,
			);
			path = Models;
			sourceTree = "<group>";
		};
		EC032A882B4344EE005CFB5F /* Views */ = {
			isa = PBXGroup;
			children = (
				EC68F6682BA0FC3900BD5297 /* PopularDishDetail */,
				EC032A8B2B43451E005CFB5F /* Onboarding */,
			);
			path = Views;
			sourceTree = "<group>";
		};
		EC032A8A2B434509005CFB5F /* CustomViews */ = {
			isa = PBXGroup;
			children = (
				749D63CE2BB8DA36000814BB /* TableViewCell */,
				ECED05BD2B91C681006C8491 /* CollectionViewCell */,
			);
			path = CustomViews;
			sourceTree = "<group>";
		};
		EC032A8B2B43451E005CFB5F /* Onboarding */ = {
			isa = PBXGroup;
			children = (
				EC2DD9912B4C3065005D72DA /* OnboardingCollectionViewCell.swift */,
			);
			path = Onboarding;
			sourceTree = "<group>";
		};
		EC40A2EB2B645FD100B38411 /* Extensions */ = {
			isa = PBXGroup;
			children = (
				749D63D52BBB4BFA000814BB /* TitleLabel.swift */,
				749D63D72BBB5E1F000814BB /* CustomCardView.swift */,
			);
			path = Extensions;
			sourceTree = "<group>";
		};
		EC68F6612BA0959300BD5297 /* ChefsSpecialsCollectionViewCell */ = {
			isa = PBXGroup;
			children = (
				EC68F6642BA095F900BD5297 /* ChefsSpecialsCollectionViewCell.swift */,
				EC68F6652BA095F900BD5297 /* ChefsSpecialsCollectionViewCell.xib */,
			);
			path = ChefsSpecialsCollectionViewCell;
			sourceTree = "<group>";
		};
		EC68F6682BA0FC3900BD5297 /* PopularDishDetail */ = {
			isa = PBXGroup;
			children = (
				EC68F66A2BA0FC8100BD5297 /* PopularDishDetailViewController.swift */,
			);
			path = PopularDishDetail;
			sourceTree = "<group>";
		};
		ECED05BC2B8CB954006C8491 /* Home */ = {
			isa = PBXGroup;
			children = (
				ECED05BA2B8CB0CB006C8491 /* HomeViewController.swift */,
				74CF4B122BB86F140041A6B0 /* ExampleOfExample.swift */,
			);
			path = Home;
			sourceTree = "<group>";
		};
		ECED05BD2B91C681006C8491 /* CollectionViewCell */ = {
			isa = PBXGroup;
			children = (
				EC68F6612BA0959300BD5297 /* ChefsSpecialsCollectionViewCell */,
				ECED05C32B94F809006C8491 /* PopularDishesCollectionViewCell */,
				ECED05BE2B91C6BA006C8491 /* CategoryCollectionViewCell */,
			);
			path = CollectionViewCell;
			sourceTree = "<group>";
		};
		ECED05BE2B91C6BA006C8491 /* CategoryCollectionViewCell */ = {
			isa = PBXGroup;
			children = (
				ECED05BF2B91C6F5006C8491 /* CategoryCollectionViewCell.swift */,
				ECED05C02B91C6F5006C8491 /* CategoryCollectionViewCell.xib */,
			);
			path = CategoryCollectionViewCell;
			sourceTree = "<group>";
		};
		ECED05C32B94F809006C8491 /* PopularDishesCollectionViewCell */ = {
			isa = PBXGroup;
			children = (
				ECED05C42B94F833006C8491 /* PopularDishesCollectionViewCell.swift */,
				ECED05C52B94F833006C8491 /* PopularDishesCollectionViewCell.xib */,
			);
			path = PopularDishesCollectionViewCell;
			sourceTree = "<group>";
		};
		ECF42D5F2B7B701F00A3CF63 /* Localizable */ = {
			isa = PBXGroup;
			children = (
				ECF42D602B7B703100A3CF63 /* Localizable.strings */,
			);
			path = Localizable;
			sourceTree = "<group>";
		};
/* End PBXGroup section */

/* Begin PBXNativeTarget section */
		EC032A6F2B3AF0A3005CFB5F /* Yummie */ = {
			isa = PBXNativeTarget;
			buildConfigurationList = EC032A842B3AF0A7005CFB5F /* Build configuration list for PBXNativeTarget "Yummie" */;
			buildPhases = (
				EC032A6C2B3AF0A3005CFB5F /* Sources */,
				EC032A6D2B3AF0A3005CFB5F /* Frameworks */,
				EC032A6E2B3AF0A3005CFB5F /* Resources */,
			);
			buildRules = (
			);
			dependencies = (
			);
			name = Yummie;
			productName = Yummie;
			productReference = EC032A702B3AF0A3005CFB5F /* Yummie.app */;
			productType = "com.apple.product-type.application";
		};
/* End PBXNativeTarget section */

/* Begin PBXProject section */
		EC032A682B3AF0A3005CFB5F /* Project object */ = {
			isa = PBXProject;
			attributes = {
				BuildIndependentTargetsInParallel = 1;
				LastSwiftUpdateCheck = 1420;
				LastUpgradeCheck = 1420;
				TargetAttributes = {
					EC032A6F2B3AF0A3005CFB5F = {
						CreatedOnToolsVersion = 14.2;
						LastSwiftMigration = 1530;
					};
				};
			};
			buildConfigurationList = EC032A6B2B3AF0A3005CFB5F /* Build configuration list for PBXProject "Yummie" */;
			compatibilityVersion = "Xcode 14.0";
			developmentRegion = en;
			hasScannedForEncodings = 0;
			knownRegions = (
				en,
				Base,
			);
			mainGroup = EC032A672B3AF0A3005CFB5F;
			productRefGroup = EC032A712B3AF0A3005CFB5F /* Products */;
			projectDirPath = "";
			projectRoot = "";
			targets = (
				EC032A6F2B3AF0A3005CFB5F /* Yummie */,
			);
		};
/* End PBXProject section */

/* Begin PBXResourcesBuildPhase section */
		EC032A6E2B3AF0A3005CFB5F /* Resources */ = {
			isa = PBXResourcesBuildPhase;
			buildActionMask = 2147483647;
			files = (
				EC032A802B3AF0A7005CFB5F /* LaunchScreen.storyboard in Resources */,
				ECED05C72B94F833006C8491 /* PopularDishesCollectionViewCell.xib in Resources */,
				ECED05C22B91C6F5006C8491 /* CategoryCollectionViewCell.xib in Resources */,
				ECF42D612B7B703100A3CF63 /* Localizable.strings in Resources */,
				EC68F6672BA095F900BD5297 /* ChefsSpecialsCollectionViewCell.xib in Resources */,
				EC032A7D2B3AF0A7005CFB5F /* Assets.xcassets in Resources */,
				EC032A7B2B3AF0A4005CFB5F /* Main.storyboard in Resources */,
			);
			runOnlyForDeploymentPostprocessing = 0;
		};
/* End PBXResourcesBuildPhase section */

/* Begin PBXSourcesBuildPhase section */
		EC032A6C2B3AF0A3005CFB5F /* Sources */ = {
			isa = PBXSourcesBuildPhase;
			buildActionMask = 2147483647;
			files = (
				EC032A782B3AF0A4005CFB5F /* ViewController.swift in Sources */,
				749D63EE2BCF12C3000814BB /* ButtonTableViewCell.swift in Sources */,
				7421E3CE2BD9B1D300D6522F /* FoodListViewController.swift in Sources */,
				EC032A742B3AF0A4005CFB5F /* AppDelegate.swift in Sources */,
				749D63DE2BC17B5E000814BB /* PopularDishesTableViewCell.swift in Sources */,
				749D63E62BCDD7F6000814BB /* ImageTableViewCell.swift in Sources */,
				749D63D82BBB5E1F000814BB /* CustomCardView.swift in Sources */,
				748D8ECB2BDA923C000D34FB /* OrdersSnacksTableViewCell.swift in Sources */,
				ECED05BB2B8CB0CB006C8491 /* HomeViewController.swift in Sources */,
				EC68F6662BA095F900BD5297 /* ChefsSpecialsCollectionViewCell.swift in Sources */,
				EC68F66B2BA0FC8100BD5297 /* PopularDishDetailViewController.swift in Sources */,
				ECED05C12B91C6F5006C8491 /* CategoryCollectionViewCell.swift in Sources */,
				749D63EC2BCF1134000814BB /* TextFieldTableViewCell.swift in Sources */,
				EC2DD9922B4C3065005D72DA /* OnboardingCollectionViewCell.swift in Sources */,
				EC032A762B3AF0A4005CFB5F /* SceneDelegate.swift in Sources */,
				749D63DB2BC09577000814BB /* ChefsSpecialsTableViewCell.swift in Sources */,
				ECED05C62B94F833006C8491 /* PopularDishesCollectionViewCell.swift in Sources */,
				749D63E82BCEF108000814BB /* TitleCaloriesTableViewCell.swift in Sources */,
				749D63E32BCDD56F000814BB /* PlaceOrderViewController.swift in Sources */,
				749D63D42BB8DAA6000814BB /* CategoryTableViewCell.swift in Sources */,
				749D63EA2BCEF427000814BB /* DescriptionTableViewCell.swift in Sources */,
				745111922BE1538A00016088 /* DishCategory.swift in Sources */,
				749D63D62BBB4BFB000814BB /* TitleLabel.swift in Sources */,
				EC2DD9942B4D602C005D72DA /* OnboardingDataModel.swift in Sources */,
				74CF4B132BB86F140041A6B0 /* ExampleOfExample.swift in Sources */,
			);
			runOnlyForDeploymentPostprocessing = 0;
		};
/* End PBXSourcesBuildPhase section */

/* Begin PBXVariantGroup section */
		EC032A792B3AF0A4005CFB5F /* Main.storyboard */ = {
			isa = PBXVariantGroup;
			children = (
				EC032A7A2B3AF0A4005CFB5F /* Base */,
			);
			name = Main.storyboard;
			sourceTree = "<group>";
		};
		EC032A7E2B3AF0A7005CFB5F /* LaunchScreen.storyboard */ = {
			isa = PBXVariantGroup;
			children = (
				EC032A7F2B3AF0A7005CFB5F /* Base */,
			);
			name = LaunchScreen.storyboard;
			sourceTree = "<group>";
		};
/* End PBXVariantGroup section */

/* Begin XCBuildConfiguration section */
		EC032A822B3AF0A7005CFB5F /* Debug */ = {
			isa = XCBuildConfiguration;
			buildSettings = {
				ALWAYS_SEARCH_USER_PATHS = NO;
				CLANG_ANALYZER_NONNULL = YES;
				CLANG_ANALYZER_NUMBER_OBJECT_CONVERSION = YES_AGGRESSIVE;
				CLANG_CXX_LANGUAGE_STANDARD = "gnu++20";
				CLANG_ENABLE_MODULES = YES;
				CLANG_ENABLE_OBJC_ARC = YES;
				CLANG_ENABLE_OBJC_WEAK = YES;
				CLANG_WARN_BLOCK_CAPTURE_AUTORELEASING = YES;
				CLANG_WARN_BOOL_CONVERSION = YES;
				CLANG_WARN_COMMA = YES;
				CLANG_WARN_CONSTANT_CONVERSION = YES;
				CLANG_WARN_DEPRECATED_OBJC_IMPLEMENTATIONS = YES;
				CLANG_WARN_DIRECT_OBJC_ISA_USAGE = YES_ERROR;
				CLANG_WARN_DOCUMENTATION_COMMENTS = YES;
				CLANG_WARN_EMPTY_BODY = YES;
				CLANG_WARN_ENUM_CONVERSION = YES;
				CLANG_WARN_INFINITE_RECURSION = YES;
				CLANG_WARN_INT_CONVERSION = YES;
				CLANG_WARN_NON_LITERAL_NULL_CONVERSION = YES;
				CLANG_WARN_OBJC_IMPLICIT_RETAIN_SELF = YES;
				CLANG_WARN_OBJC_LITERAL_CONVERSION = YES;
				CLANG_WARN_OBJC_ROOT_CLASS = YES_ERROR;
				CLANG_WARN_QUOTED_INCLUDE_IN_FRAMEWORK_HEADER = YES;
				CLANG_WARN_RANGE_LOOP_ANALYSIS = YES;
				CLANG_WARN_STRICT_PROTOTYPES = YES;
				CLANG_WARN_SUSPICIOUS_MOVE = YES;
				CLANG_WARN_UNGUARDED_AVAILABILITY = YES_AGGRESSIVE;
				CLANG_WARN_UNREACHABLE_CODE = YES;
				CLANG_WARN__DUPLICATE_METHOD_MATCH = YES;
				COPY_PHASE_STRIP = NO;
				DEBUG_INFORMATION_FORMAT = dwarf;
				ENABLE_STRICT_OBJC_MSGSEND = YES;
				ENABLE_TESTABILITY = YES;
				GCC_C_LANGUAGE_STANDARD = gnu11;
				GCC_DYNAMIC_NO_PIC = NO;
				GCC_NO_COMMON_BLOCKS = YES;
				GCC_OPTIMIZATION_LEVEL = 0;
				GCC_PREPROCESSOR_DEFINITIONS = (
					"DEBUG=1",
					"$(inherited)",
				);
				GCC_WARN_64_TO_32_BIT_CONVERSION = YES;
				GCC_WARN_ABOUT_RETURN_TYPE = YES_ERROR;
				GCC_WARN_UNDECLARED_SELECTOR = YES;
				GCC_WARN_UNINITIALIZED_AUTOS = YES_AGGRESSIVE;
				GCC_WARN_UNUSED_FUNCTION = YES;
				GCC_WARN_UNUSED_VARIABLE = YES;
				IPHONEOS_DEPLOYMENT_TARGET = 16.2;
				MTL_ENABLE_DEBUG_INFO = INCLUDE_SOURCE;
				MTL_FAST_MATH = YES;
				ONLY_ACTIVE_ARCH = YES;
				SDKROOT = iphoneos;
				SWIFT_ACTIVE_COMPILATION_CONDITIONS = DEBUG;
				SWIFT_OPTIMIZATION_LEVEL = "-Onone";
			};
			name = Debug;
		};
		EC032A832B3AF0A7005CFB5F /* Release */ = {
			isa = XCBuildConfiguration;
			buildSettings = {
				ALWAYS_SEARCH_USER_PATHS = NO;
				CLANG_ANALYZER_NONNULL = YES;
				CLANG_ANALYZER_NUMBER_OBJECT_CONVERSION = YES_AGGRESSIVE;
				CLANG_CXX_LANGUAGE_STANDARD = "gnu++20";
				CLANG_ENABLE_MODULES = YES;
				CLANG_ENABLE_OBJC_ARC = YES;
				CLANG_ENABLE_OBJC_WEAK = YES;
				CLANG_WARN_BLOCK_CAPTURE_AUTORELEASING = YES;
				CLANG_WARN_BOOL_CONVERSION = YES;
				CLANG_WARN_COMMA = YES;
				CLANG_WARN_CONSTANT_CONVERSION = YES;
				CLANG_WARN_DEPRECATED_OBJC_IMPLEMENTATIONS = YES;
				CLANG_WARN_DIRECT_OBJC_ISA_USAGE = YES_ERROR;
				CLANG_WARN_DOCUMENTATION_COMMENTS = YES;
				CLANG_WARN_EMPTY_BODY = YES;
				CLANG_WARN_ENUM_CONVERSION = YES;
				CLANG_WARN_INFINITE_RECURSION = YES;
				CLANG_WARN_INT_CONVERSION = YES;
				CLANG_WARN_NON_LITERAL_NULL_CONVERSION = YES;
				CLANG_WARN_OBJC_IMPLICIT_RETAIN_SELF = YES;
				CLANG_WARN_OBJC_LITERAL_CONVERSION = YES;
				CLANG_WARN_OBJC_ROOT_CLASS = YES_ERROR;
				CLANG_WARN_QUOTED_INCLUDE_IN_FRAMEWORK_HEADER = YES;
				CLANG_WARN_RANGE_LOOP_ANALYSIS = YES;
				CLANG_WARN_STRICT_PROTOTYPES = YES;
				CLANG_WARN_SUSPICIOUS_MOVE = YES;
				CLANG_WARN_UNGUARDED_AVAILABILITY = YES_AGGRESSIVE;
				CLANG_WARN_UNREACHABLE_CODE = YES;
				CLANG_WARN__DUPLICATE_METHOD_MATCH = YES;
				COPY_PHASE_STRIP = NO;
				DEBUG_INFORMATION_FORMAT = "dwarf-with-dsym";
				ENABLE_NS_ASSERTIONS = NO;
				ENABLE_STRICT_OBJC_MSGSEND = YES;
				GCC_C_LANGUAGE_STANDARD = gnu11;
				GCC_NO_COMMON_BLOCKS = YES;
				GCC_WARN_64_TO_32_BIT_CONVERSION = YES;
				GCC_WARN_ABOUT_RETURN_TYPE = YES_ERROR;
				GCC_WARN_UNDECLARED_SELECTOR = YES;
				GCC_WARN_UNINITIALIZED_AUTOS = YES_AGGRESSIVE;
				GCC_WARN_UNUSED_FUNCTION = YES;
				GCC_WARN_UNUSED_VARIABLE = YES;
				IPHONEOS_DEPLOYMENT_TARGET = 16.2;
				MTL_ENABLE_DEBUG_INFO = NO;
				MTL_FAST_MATH = YES;
				SDKROOT = iphoneos;
				SWIFT_COMPILATION_MODE = wholemodule;
				SWIFT_OPTIMIZATION_LEVEL = "-O";
				VALIDATE_PRODUCT = YES;
			};
			name = Release;
		};
		EC032A852B3AF0A7005CFB5F /* Debug */ = {
			isa = XCBuildConfiguration;
			buildSettings = {
				ASSETCATALOG_COMPILER_APPICON_NAME = AppIcon;
				ASSETCATALOG_COMPILER_GLOBAL_ACCENT_COLOR_NAME = AccentColor;
				CLANG_ENABLE_MODULES = YES;
				CODE_SIGN_STYLE = Automatic;
				CURRENT_PROJECT_VERSION = 1;
				GENERATE_INFOPLIST_FILE = YES;
				INFOPLIST_FILE = Yummie/Info.plist;
				INFOPLIST_KEY_UIApplicationSupportsIndirectInputEvents = YES;
				INFOPLIST_KEY_UILaunchStoryboardName = LaunchScreen;
				INFOPLIST_KEY_UIMainStoryboardFile = Main;
				INFOPLIST_KEY_UISupportedInterfaceOrientations_iPad = "UIInterfaceOrientationPortrait UIInterfaceOrientationPortraitUpsideDown UIInterfaceOrientationLandscapeLeft UIInterfaceOrientationLandscapeRight";
				INFOPLIST_KEY_UISupportedInterfaceOrientations_iPhone = "UIInterfaceOrientationPortrait UIInterfaceOrientationLandscapeLeft UIInterfaceOrientationLandscapeRight";
				LD_RUNPATH_SEARCH_PATHS = (
					"$(inherited)",
					"@executable_path/Frameworks",
				);
				MARKETING_VERSION = 1.0;
				PRODUCT_BUNDLE_IDENTIFIER = com.aleynaisikdaglilar.Yummie;
				PRODUCT_NAME = "$(TARGET_NAME)";
				SWIFT_EMIT_LOC_STRINGS = YES;
				SWIFT_OPTIMIZATION_LEVEL = "-Onone";
				SWIFT_VERSION = 5.0;
				TARGETED_DEVICE_FAMILY = "1,2";
			};
			name = Debug;
		};
		EC032A862B3AF0A7005CFB5F /* Release */ = {
			isa = XCBuildConfiguration;
			buildSettings = {
				ASSETCATALOG_COMPILER_APPICON_NAME = AppIcon;
				ASSETCATALOG_COMPILER_GLOBAL_ACCENT_COLOR_NAME = AccentColor;
				CLANG_ENABLE_MODULES = YES;
				CODE_SIGN_STYLE = Automatic;
				CURRENT_PROJECT_VERSION = 1;
				GENERATE_INFOPLIST_FILE = YES;
				INFOPLIST_FILE = Yummie/Info.plist;
				INFOPLIST_KEY_UIApplicationSupportsIndirectInputEvents = YES;
				INFOPLIST_KEY_UILaunchStoryboardName = LaunchScreen;
				INFOPLIST_KEY_UIMainStoryboardFile = Main;
				INFOPLIST_KEY_UISupportedInterfaceOrientations_iPad = "UIInterfaceOrientationPortrait UIInterfaceOrientationPortraitUpsideDown UIInterfaceOrientationLandscapeLeft UIInterfaceOrientationLandscapeRight";
				INFOPLIST_KEY_UISupportedInterfaceOrientations_iPhone = "UIInterfaceOrientationPortrait UIInterfaceOrientationLandscapeLeft UIInterfaceOrientationLandscapeRight";
				LD_RUNPATH_SEARCH_PATHS = (
					"$(inherited)",
					"@executable_path/Frameworks",
				);
				MARKETING_VERSION = 1.0;
				PRODUCT_BUNDLE_IDENTIFIER = com.aleynaisikdaglilar.Yummie;
				PRODUCT_NAME = "$(TARGET_NAME)";
				SWIFT_EMIT_LOC_STRINGS = YES;
				SWIFT_VERSION = 5.0;
				TARGETED_DEVICE_FAMILY = "1,2";
			};
			name = Release;
		};
/* End XCBuildConfiguration section */

/* Begin XCConfigurationList section */
		EC032A6B2B3AF0A3005CFB5F /* Build configuration list for PBXProject "Yummie" */ = {
			isa = XCConfigurationList;
			buildConfigurations = (
				EC032A822B3AF0A7005CFB5F /* Debug */,
				EC032A832B3AF0A7005CFB5F /* Release */,
			);
			defaultConfigurationIsVisible = 0;
			defaultConfigurationName = Release;
		};
		EC032A842B3AF0A7005CFB5F /* Build configuration list for PBXNativeTarget "Yummie" */ = {
			isa = XCConfigurationList;
			buildConfigurations = (
				EC032A852B3AF0A7005CFB5F /* Debug */,
				EC032A862B3AF0A7005CFB5F /* Release */,
			);
			defaultConfigurationIsVisible = 0;
			defaultConfigurationName = Release;
		};
/* End XCConfigurationList section */
	};
	rootObject = EC032A682B3AF0A3005CFB5F /* Project object */;
}
